#MicroXplorer Configuration settings - do not modify
Mcu.Family=STM32F4
NVIC.USART3_IRQn=true\:0\:0\:true\:false\:true\:false\:true\:true
ProjectManager.MainLocation=Core/Src
Dma.SDIO_TX.1.MemInc=DMA_MINC_ENABLE
USB_DEVICE.CLASS_NAME_FS=CDC
PH0-OSC_IN.Signal=RCC_OSC_IN
RCC.CortexFreq_Value=9000000
PC10.GPIO_PuPd=GPIO_PULLUP
FATFS._USE_LFN=0
ProjectManager.KeepUserCode=true
Mcu.UserName=STM32F405RGTx
FATFS0.BSP.semaphore=
SPI1.VirtualType=VM_MASTER
FATFS0.BSP.api=Unknown
PB10.Mode=Asynchronous
VP_FATFS_VS_SDIO.Mode=SDIO
RCC.PLLCLKFreq_Value=72000000
PC10.Signal=SDIO_D2
PC12.Signal=SDIO_CK
NVIC.RTC_WKUP_IRQn=true\:5\:0\:false\:false\:true\:false\:true\:true
RCC.PLLQCLKFreq_Value=48000000
PC5.Locked=true
ProjectManager.functionlistsort=1-MX_GPIO_Init-GPIO-false-HAL-true,2-MX_DMA_Init-DMA-false-HAL-true,3-SystemClock_Config-RCC-false-HAL-false,4-MX_RTC_Init-RTC-false-HAL-true,5-MX_SPI1_Init-SPI1-false-HAL-true,6-MX_FATFS_Init-FATFS-false-HAL-false,7-MX_SDIO_SD_Init-SDIO-false-HAL-true,8-MX_USART3_UART_Init-USART3-false-HAL-true,9-MX_ADC1_Init-ADC1-false-HAL-true,10-MX_USB_DEVICE_Init-USB_DEVICE-false-HAL-false
PC0.GPIOParameters=GPIO_Label
PC0.GPIO_Label=BTN_SLEEP
VP_RTC_VS_RTC_Activate.Mode=RTC_Enabled
PA11.Mode=Device_Only
RCC.RTCFreq_Value=32768
PB0.GPIO_Label=EP_RST
USB_DEVICE.VirtualMode-CDC_FS=Cdc
PD2.GPIOParameters=GPIO_PuPd,GPIO_Speed_High_Default,GPIO_Label
PB11.Signal=USART3_RX
Dma.SDIO_TX.1.PeriphBurst=DMA_PBURST_INC4
PinOutPanel.RotationAngle=0
Dma.SDIO_RX.0.RequestParameters=Instance,Direction,PeriphInc,MemInc,PeriphDataAlignment,MemDataAlignment,Mode,Priority,FIFOMode,FIFOThreshold,MemBurst,PeriphBurst
RCC.SYSCLKSource=RCC_SYSCLKSOURCE_PLLCLK
ProjectManager.StackSize=0x400
Dma.SDIO_RX.0.Direction=DMA_PERIPH_TO_MEMORY
VP_FREERTOS_VS_CMSIS_V2.Mode=CMSIS_V2
Dma.SDIO_TX.1.Instance=DMA2_Stream6
Dma.SDIO_TX.1.PeriphInc=DMA_PINC_DISABLE
Mcu.IP4=NVIC
Mcu.IP5=RCC
RCC.FCLKCortexFreq_Value=72000000
Mcu.IP2=FATFS
NVIC.SVCall_IRQn=true\:0\:0\:false\:false\:false\:false\:false\:false
Mcu.IP3=FREERTOS
PA15.GPIO_Label=PWR_SD_EN
PC11.GPIO_PuPd=GPIO_PULLUP
PB4.GPIOParameters=GPIO_PuPd,GPIO_Label
Mcu.IP0=ADC1
FREERTOS.configENABLE_FPU=1
Mcu.IP1=DMA
PA12.Signal=USB_OTG_FS_DP
Dma.SDIO_TX.1.PeriphDataAlignment=DMA_PDATAALIGN_WORD
Mcu.UserConstants=
PC10.GPIO_Speed_High_Default=GPIO_SPEED_FREQ_MEDIUM
FATFS._MAX_LFN=12
VP_FATFS_VS_SDIO.Signal=FATFS_VS_SDIO
RCC.RCC_RTC_Clock_Source=RCC_RTCCLKSOURCE_LSE
Mcu.ThirdPartyNb=0
SPI1.Direction=SPI_DIRECTION_1LINE
RCC.HCLKFreq_Value=72000000
Mcu.IPNb=13
ADC1.Resolution=ADC_RESOLUTION_8B
RCC.I2SClocksFreq_Value=192000000
ProjectManager.PreviousToolchain=
RCC.APB2TimFreq_Value=18000000
SDIO.IPParameters=ClockDiv,ClockPowerSave
RCC.VcooutputI2S=192000000
RTC.IPParameters=WakeUpCounter,WakeUpClock
SPI1.CalculateBaudRate=4.5 MBits/s
Mcu.Pin6=PA5
Mcu.Pin7=PA7
Mcu.Pin8=PC4
Dma.SDIO_TX.1.RequestParameters=Instance,Direction,PeriphInc,MemInc,PeriphDataAlignment,MemDataAlignment,Mode,Priority,FIFOMode,FIFOThreshold,MemBurst,PeriphBurst
Mcu.Pin9=PC5
Dma.SDIO_TX.1.FIFOMode=DMA_FIFOMODE_ENABLE
FREERTOS.IPParameters=Tasks01,configCHECK_FOR_STACK_OVERFLOW,configENABLE_FPU,configTOTAL_HEAP_SIZE,configRECORD_STACK_HIGH_ADDRESS,FootprintOK
PC9.GPIO_Speed_High_Default=GPIO_SPEED_FREQ_MEDIUM
RCC.AHBFreq_Value=72000000
PH0-OSC_IN.Mode=HSE-External-Oscillator
FATFS0.BSP.ip=GPIO
Mcu.Pin0=PC14-OSC32_IN
Mcu.Pin1=PC15-OSC32_OUT
GPIO.groupedBy=Group By Peripherals
Mcu.Pin2=PH0-OSC_IN
Mcu.Pin3=PH1-OSC_OUT
PA0-WKUP.GPIOParameters=GPIO_Label
Mcu.Pin4=PC0
Mcu.Pin5=PA0-WKUP
ADC1.Channel-0\#ChannelRegularConversion=ADC_CHANNEL_0
ProjectManager.ProjectBuild=false
RCC.HSE_VALUE=8000000
NVIC.UsageFault_IRQn=true\:0\:0\:false\:false\:true\:false\:false\:false
NVIC.DebugMonitor_IRQn=true\:0\:0\:false\:false\:true\:false\:false\:false
PB3.Mode=Trace_Asynchronous_SW
FATFS0.BSP.i2caddr=0
Mcu.IP10=USART3
NVIC.SysTick_IRQn=true\:15\:0\:false\:false\:false\:false\:false\:true
Mcu.IP12=USB_OTG_FS
Mcu.IP11=USB_DEVICE
PB12.GPIO_Label=PWR_3V3_EN
Dma.SDIO_TX.1.MemBurst=DMA_MBURST_INC4
ProjectManager.FirmwarePackage=STM32Cube FW_F4 V1.25.2
MxDb.Version=DB.5.0.60
PB0.GPIOParameters=GPIO_Label
ProjectManager.BackupPrevious=false
PC14-OSC32_IN.Mode=LSE-External-Oscillator
RCC.VCOInputFreq_Value=2000000
PC4.GPIO_Label=EP_DC
PA14.Mode=Trace_Asynchronous_SW
VP_SYS_VS_tim1.Mode=TIM1
PB1.GPIO_Label=EP_BUSY
PC11.GPIO_Label=SD_D3
File.Version=6
PC9.Mode=SD_4_bits_Wide_bus
Dma.SDIO_TX.1.Direction=DMA_MEMORY_TO_PERIPH
SH.ADCx_IN0.0=ADC1_IN0,IN0
NVIC.PendSV_IRQn=true\:15\:0\:false\:false\:false\:false\:false\:false
Dma.SDIO_RX.0.MemDataAlignment=DMA_MDATAALIGN_WORD
Dma.RequestsNb=2
ProjectManager.HalAssertFull=false
PB0.Locked=true
ADC1.SamplingTime-0\#ChannelRegularConversion=ADC_SAMPLETIME_3CYCLES
FREERTOS.configTOTAL_HEAP_SIZE=52000
FATFS._FS_TIMEOUT=1000
ProjectManager.ProjectName=Video Frame
USB_DEVICE.APP_RX_DATA_SIZE-CDC_FS=128
PH1-OSC_OUT.Mode=HSE-External-Oscillator
RCC.MCO2PinFreq_Value=72000000
PC8.GPIOParameters=GPIO_PuPd,GPIO_Speed_High_Default,GPIO_Label
Mcu.Package=LQFP64
PB1.Signal=GPIO_Input
NVIC.TimeBase=TIM1_UP_TIM10_IRQn
FATFS0.BSP.solution=PB4
NVIC.OTG_FS_IRQn=true\:0\:0\:true\:false\:true\:false\:false\:true
ProjectManager.ToolChainLocation=
RCC.LSI_VALUE=32000
SH.GPXTI0.0=GPIO_EXTI0
NVIC.TimeBaseIP=TIM1
USART3.IPParameters=VirtualMode
FREERTOS.FootprintOK=true
USB_OTG_FS.VirtualMode=Device_Only
PA15.Signal=GPIO_Output
VP_USB_DEVICE_VS_USB_DEVICE_CDC_FS.Signal=USB_DEVICE_VS_USB_DEVICE_CDC_FS
PA5.GPIOParameters=GPIO_Speed
PC11.Mode=SD_4_bits_Wide_bus
Dma.SDIO_TX.1.FIFOThreshold=DMA_FIFO_THRESHOLD_FULL
Dma.SDIO_TX.1.Priority=DMA_PRIORITY_LOW
RCC.APB2CLKDivider=RCC_HCLK_DIV8
Dma.Request1=SDIO_TX
RCC.APB1TimFreq_Value=9000000
NVIC.BusFault_IRQn=true\:0\:0\:false\:false\:true\:false\:false\:false
PC4.Locked=true
PC5.Signal=GPIO_Output
Dma.SDIO_RX.0.MemBurst=DMA_MBURST_INC4
USB_OTG_FS.IPParameters=VirtualMode
PC12.GPIO_PuPd=GPIO_NOPULL
Dma.SDIO_RX.0.Instance=DMA2_Stream3
Dma.Request0=SDIO_RX
SPI1.BaudRatePrescaler=SPI_BAUDRATEPRESCALER_2
ProjectManager.CustomerFirmwarePackage=
PC4.GPIOParameters=GPIO_Label
PB4.Signal=GPIO_Input
Dma.SDIO_RX.0.FIFOMode=DMA_FIFOMODE_ENABLE
PA5.Mode=Simplex_Bidirectional_Master
VP_RTC_VS_RTC_Activate.Signal=RTC_VS_RTC_Activate
PC15-OSC32_OUT.Mode=LSE-External-Oscillator
FATFS0.BSP.STBoard=false
Dma.SDIO_RX.0.Mode=DMA_PFCTRL
Dma.SDIO_RX.0.Priority=DMA_PRIORITY_LOW
ProjectManager.ProjectFileName=Video Frame.ioc
FREERTOS.Tasks01=consoleTask,24,1024,StartConsoleTask,As weak,(void*)&consoleTask_args,Dynamic,NULL,NULL;batteryTask,40,128,StartBatteryTask,As external,(void*)&state,Dynamic,NULL,NULL;displayTask,32,10000,StartDisplayTask,As external,(void*)&displayTask_args,Dynamic,NULL,NULL
ADC1.Rank-0\#ChannelRegularConversion=1
RTC.WakeUpCounter=1440
PA7.Mode=Simplex_Bidirectional_Master
PA15.GPIOParameters=GPIO_Label
PC10.GPIO_Label=SD_D2
Mcu.PinsNb=35
PC9.GPIO_Label=SD_D1
PD2.GPIO_PuPd=GPIO_PULLUP
RTC.WakeUpClock=RTC_WAKEUPCLOCK_CK_SPRE_16BITS
ProjectManager.NoMain=false
SPI1.IPParameters=VirtualType,Mode,Direction,CalculateBaudRate,BaudRatePrescaler
USB_DEVICE.VirtualModeFS=Cdc_FS
ADC1.IPParameters=Rank-0\#ChannelRegularConversion,master,Channel-0\#ChannelRegularConversion,SamplingTime-0\#ChannelRegularConversion,NbrOfConversionFlag,ClockPrescaler,Resolution
NVIC.SavedSvcallIrqHandlerGenerated=true
FATFS._USE_MUTEX=0
PC11.Signal=SDIO_D3
FATFS0.BSP.mode=Input
FREERTOS.configCHECK_FOR_STACK_OVERFLOW=2
PC8.Signal=SDIO_D0
Dma.SDIO_RX.0.PeriphInc=DMA_PINC_DISABLE
PC4.Signal=GPIO_Output
PC10.Mode=SD_4_bits_Wide_bus
SH.GPXTI0.ConfNb=1
ProjectManager.DefaultFWLocation=true
PB12.Locked=true
ProjectManager.DeletePrevious=true
PC0.Signal=GPXTI0
RCC.APB1CLKDivider=RCC_HCLK_DIV16
PC14-OSC32_IN.Signal=RCC_OSC32_IN
PC11.GPIOParameters=GPIO_PuPd,GPIO_Speed_High_Default,GPIO_Label
USB_DEVICE.IPParameters=VirtualMode-CDC_FS,VirtualModeFS,CLASS_NAME_FS,APP_RX_DATA_SIZE-CDC_FS,APP_TX_DATA_SIZE-CDC_FS
RCC.FamilyName=M
PA0-WKUP.GPIO_Label=BAT_ADC
PA0-WKUP.Signal=ADCx_IN0
PA0-WKUP.Locked=true
FATFS0.BSP.instance=PB4
SDIO.ClockPowerSave=SDIO_CLOCK_POWER_SAVE_ENABLE
PC8.GPIO_Label=SD_D0
PC12.GPIOParameters=GPIO_PuPd,GPIO_Speed_High_Default,GPIO_Label
FATFS.IPParameters=_USE_LFN,_MAX_LFN,_USE_MUTEX,_FS_TIMEOUT
PA13.Signal=SYS_JTMS-SWDIO
PA15.Locked=true
PA9.Mode=Activate_VBUS
Dma.SDIO_TX.1.MemDataAlignment=DMA_MDATAALIGN_WORD
Dma.SDIO_RX.0.MemInc=DMA_MINC_ENABLE
PB11.Mode=Asynchronous
FREERTOS.configRECORD_STACK_HIGH_ADDRESS=1
Dma.SDIO_RX.0.FIFOThreshold=DMA_FIFO_THRESHOLD_FULL
ProjectManager.TargetToolchain=STM32CubeIDE
FATFS0.BSP.condition=
USB_DEVICE.APP_TX_DATA_SIZE-CDC_FS=128
VP_USB_DEVICE_VS_USB_DEVICE_CDC_FS.Mode=CDC_FS
PC5.GPIOParameters=GPIO_Label
VP_RTC_VS_RTC_WakeUp_intern.Signal=RTC_VS_RTC_WakeUp_intern
PA9.Signal=USB_OTG_FS_VBUS
PC11.GPIO_Speed_High_Default=GPIO_SPEED_FREQ_MEDIUM
PB4.GPIO_PuPd=GPIO_PULLUP
ProjectManager.RegisterCallBack=
SDIO.ClockDiv=10
NVIC.DMA2_Stream3_IRQn=true\:5\:0\:true\:false\:true\:true\:false\:true
NVIC.DMA2_Stream6_IRQn=true\:5\:0\:true\:false\:true\:true\:false\:true
PC15-OSC32_OUT.Signal=RCC_OSC32_OUT
PB1.Locked=true
PB10.Signal=USART3_TX
Dma.SDIO_RX.0.PeriphDataAlignment=DMA_PDATAALIGN_WORD
RCC.VCOI2SOutputFreq_Value=384000000
PD2.Mode=SD_4_bits_Wide_bus
FATFS.BSP.number=1
PA5.Signal=SPI1_SCK
PC12.Mode=SD_4_bits_Wide_bus
board=custom
RCC.VCOOutputFreq_Value=144000000
ProjectManager.LastFirmware=true
PA7.GPIO_Speed=GPIO_SPEED_FREQ_LOW
NVIC.SavedSystickIrqHandlerGenerated=true
RCC.APB2Freq_Value=9000000
MxCube.Version=5.6.1
PB4.GPIO_Label=SD_DET
VP_SYS_VS_tim1.Signal=SYS_VS_tim1
SPI1.Mode=SPI_MODE_MASTER
SH.ADCx_IN0.ConfNb=1
FATFS0.BSP.i2creg=
Mcu.Pin30=VP_FREERTOS_VS_CMSIS_V2
RCC.EthernetFreq_Value=72000000
PC9.GPIO_PuPd=GPIO_PULLUP
Mcu.Pin33=VP_SYS_VS_tim1
PH1-OSC_OUT.Signal=RCC_OSC_OUT
Mcu.Pin34=VP_USB_DEVICE_VS_USB_DEVICE_CDC_FS
Mcu.Pin31=VP_RTC_VS_RTC_Activate
RCC.RCC_RTC_Clock_SourceVirtual=RCC_RTCCLKSOURCE_LSE
Mcu.Pin32=VP_RTC_VS_RTC_WakeUp_intern
NVIC.NonMaskableInt_IRQn=true\:0\:0\:false\:false\:true\:false\:false\:false
PC10.GPIOParameters=GPIO_PuPd,GPIO_Speed_High_Default,GPIO_Label
Dma.SDIO_TX.1.Mode=DMA_PFCTRL
PA13.Mode=Trace_Asynchronous_SW
ProjectManager.FreePins=true
RCC.IPParameters=48MHZClocksFreq_Value,AHBFreq_Value,APB1CLKDivider,APB1Freq_Value,APB1TimFreq_Value,APB2CLKDivider,APB2Freq_Value,APB2TimFreq_Value,CortexFreq_Value,Cortex_Div,EthernetFreq_Value,FCLKCortexFreq_Value,FamilyName,HCLKFreq_Value,HSE_VALUE,HSI_VALUE,I2SClocksFreq_Value,LSI_VALUE,MCO2PinFreq_Value,PLLCLKFreq_Value,PLLM,PLLN,PLLQ,PLLQCLKFreq_Value,RCC_RTC_Clock_Source,RCC_RTC_Clock_SourceVirtual,RTCFreq_Value,RTCHSEDivFreq_Value,SYSCLKFreq_VALUE,SYSCLKSource,VCOI2SOutputFreq_Value,VCOInputFreq_Value,VCOOutputFreq_Value,VcooutputI2S
PC9.GPIOParameters=GPIO_PuPd,GPIO_Speed_High_Default,GPIO_Label
ProjectManager.AskForMigrate=true
Mcu.Name=STM32F405RGTx
Mcu.Pin26=PD2
Mcu.Pin27=PB3
NVIC.SavedPendsvIrqHandlerGenerated=true
RCC.RTCHSEDivFreq_Value=4000000
Mcu.Pin24=PC11
ProjectManager.UnderRoot=true
Mcu.Pin25=PC12
Mcu.IP8=SPI1
VP_FREERTOS_VS_CMSIS_V2.Signal=FREERTOS_VS_CMSIS_V2
Mcu.IP9=SYS
Mcu.Pin28=PB4
Mcu.IP6=RTC
PC8.Mode=SD_4_bits_Wide_bus
PC12.GPIO_Speed_High_Default=GPIO_SPEED_FREQ_MEDIUM
Mcu.Pin29=VP_FATFS_VS_SDIO
Mcu.IP7=SDIO
ProjectManager.CoupleFile=false
PB4.Locked=true
RCC.48MHZClocksFreq_Value=48000000
PC8.GPIO_Speed_High_Default=GPIO_SPEED_FREQ_MEDIUM
PC8.GPIO_PuPd=GPIO_PULLUP
PB3.Signal=SYS_JTDO-SWO
NVIC.EXTI0_IRQn=true\:5\:0\:false\:false\:true\:false\:true\:true
RCC.SYSCLKFreq_VALUE=72000000
Mcu.Pin22=PA15
Mcu.Pin23=PC10
Mcu.Pin20=PA13
ADC1.master=1
Mcu.Pin21=PA14
PA12.Mode=Device_Only
NVIC.ForceEnableDMAVector=true
KeepUserPlacement=false
PC5.GPIO_Label=EP_CS
USART3.VirtualMode=VM_ASYNC
NVIC.MemoryManagement_IRQn=true\:0\:0\:false\:false\:true\:false\:false\:false
PC12.GPIO_Label=SD_CLK
ProjectManager.CompilerOptimize=6
PA11.Signal=USB_OTG_FS_DM
PA14.Signal=SYS_JTCK-SWCLK
ProjectManager.HeapSize=0x100
Mcu.Pin15=PC8
NVIC.HardFault_IRQn=true\:0\:0\:false\:false\:true\:false\:false\:false
Mcu.Pin16=PC9
Mcu.Pin13=PB11
Mcu.Pin14=PB12
Mcu.Pin19=PA12
NVIC.TIM1_UP_TIM10_IRQn=true\:0\:0\:false\:false\:true\:false\:false\:true
ProjectManager.ComputerToolchain=false
Mcu.Pin17=PA9
RCC.HSI_VALUE=16000000
Mcu.Pin18=PA11
VP_RTC_VS_RTC_WakeUp_intern.Mode=WakeUp
PA5.GPIO_Speed=GPIO_SPEED_FREQ_LOW
RCC.PLLQ=3
NVIC.PriorityGroup=NVIC_PRIORITYGROUP_4
ADC1.NbrOfConversionFlag=1
Mcu.Pin11=PB1
Mcu.Pin12=PB10
FATFS0.BSP.component=
RCC.PLLM=4
RCC.PLLN=72
Mcu.Pin10=PB0
Dma.SDIO_RX.0.PeriphBurst=DMA_PBURST_INC4
RCC.Cortex_Div=SYSTICK_CLKSOURCE_HCLK_DIV8
PC9.Signal=SDIO_D1
PD2.Signal=SDIO_CMD
PD2.GPIO_Speed_High_Default=GPIO_SPEED_FREQ_MEDIUM
RCC.APB1Freq_Value=4500000
PB0.Signal=GPIO_Output
ADC1.ClockPrescaler=ADC_CLOCK_SYNC_PCLK_DIV8
PA7.GPIOParameters=GPIO_Speed
PC0.Locked=true
ProjectManager.DeviceId=STM32F405RGTx
PB12.GPIOParameters=GPIO_Label
PB12.Signal=GPIO_Output
PD2.GPIO_Label=SD_CMD
FATFS0.BSP.name=Detect_SDIO
ProjectManager.LibraryCopy=1
PB1.GPIOParameters=GPIO_Label
PA7.Signal=SPI1_MOSI
isbadioc=false
